
Microsoft Visual Studio Solution File, Format Version 12.00
# Visual Studio 15
VisualStudioVersion = 15.0.26430.16
MinimumVisualStudioVersion = 10.0.40219.1
Project("{FAE04EC0-301F-11D3-BF4B-00C04F79EFBC}") = "CatLib", "CatLib\CatLib.csproj", "{BBB2DAE2-638B-4419-9591-3CECCA312E4E}"
EndProject
Project("{FAE04EC0-301F-11D3-BF4B-00C04F79EFBC}") = "CatLib.Tests", "CatLib.Tests\CatLib.Tests.csproj", "{8D8774B0-B6CE-4571-89F6-F3707FFFC167}"
EndProject
Project("{FAE04EC0-301F-11D3-BF4B-00C04F79EFBC}") = "CatLib.API", "CatLib.API\CatLib.API.csproj", "{5BF5D9DC-26F3-46AE-A735-FE37B0D4FE2E}"
EndProject
Project("{FAE04EC0-301F-11D3-BF4B-00C04F79EFBC}") = "CatLib.Tests.Server", "CatLib.Tests.Server\CatLib.Tests.Server.csproj", "{542CFBC4-AE3C-4EDF-B6DE-618F42A17CC1}"
EndProject
Project("{FAE04EC0-301F-11D3-BF4B-00C04F79EFBC}") = "CatLib.Unity", "CatLib.Unity\CatLib.Unity.csproj", "{069DC7A3-5EBC-4207-B089-94C1951B3C34}"
EndProject
Project("{FAE04EC0-301F-11D3-BF4B-00C04F79EFBC}") = "CatLib.Unity.API", "CatLib.Unity.API\CatLib.Unity.API.csproj", "{651A86A0-F4F6-46D9-A2F9-3BAFCA24F1D5}"
EndProject
Project("{2150E333-8FDC-42A3-9474-1A3956D46DE8}") = "CatLib", "CatLib", "{08C7D0B4-221F-4D85-B646-9802D65E8FBF}"
EndProject
Project("{2150E333-8FDC-42A3-9474-1A3956D46DE8}") = "CatLib.Unity", "CatLib.Unity", "{0DBA07D9-6002-4787-B905-4FD0AE824E84}"
EndProject
Project("{FAE04EC0-301F-11D3-BF4B-00C04F79EFBC}") = "CatLib.Unity.Tests", "CatLib.Unity.Tests\CatLib.Unity.Tests.csproj", "{D4F435B5-E64E-42BD-95B4-084CD48AE747}"
EndProject
Global
	GlobalSection(SolutionConfigurationPlatforms) = preSolution
		Debug|Any CPU = Debug|Any CPU
		Release|Any CPU = Release|Any CPU
	EndGlobalSection
	GlobalSection(ProjectConfigurationPlatforms) = postSolution
		{BBB2DAE2-638B-4419-9591-3CECCA312E4E}.Debug|Any CPU.ActiveCfg = Debug|Any CPU
		{BBB2DAE2-638B-4419-9591-3CECCA312E4E}.Debug|Any CPU.Build.0 = Debug|Any CPU
		{BBB2DAE2-638B-4419-9591-3CECCA312E4E}.Debug|Any CPU.Deploy.0 = Debug|Any CPU
		{BBB2DAE2-638B-4419-9591-3CECCA312E4E}.Release|Any CPU.ActiveCfg = Release|Any CPU
		{BBB2DAE2-638B-4419-9591-3CECCA312E4E}.Release|Any CPU.Build.0 = Release|Any CPU
		{8D8774B0-B6CE-4571-89F6-F3707FFFC167}.Debug|Any CPU.ActiveCfg = Debug|Any CPU
		{8D8774B0-B6CE-4571-89F6-F3707FFFC167}.Debug|Any CPU.Build.0 = Debug|Any CPU
		{8D8774B0-B6CE-4571-89F6-F3707FFFC167}.Release|Any CPU.ActiveCfg = Release|Any CPU
		{8D8774B0-B6CE-4571-89F6-F3707FFFC167}.Release|Any CPU.Build.0 = Release|Any CPU
		{5BF5D9DC-26F3-46AE-A735-FE37B0D4FE2E}.Debug|Any CPU.ActiveCfg = Debug|Any CPU
		{5BF5D9DC-26F3-46AE-A735-FE37B0D4FE2E}.Debug|Any CPU.Build.0 = Debug|Any CPU
		{5BF5D9DC-26F3-46AE-A735-FE37B0D4FE2E}.Release|Any CPU.ActiveCfg = Release|Any CPU
		{5BF5D9DC-26F3-46AE-A735-FE37B0D4FE2E}.Release|Any CPU.Build.0 = Release|Any CPU
		{542CFBC4-AE3C-4EDF-B6DE-618F42A17CC1}.Debug|Any CPU.ActiveCfg = Debug|Any CPU
		{542CFBC4-AE3C-4EDF-B6DE-618F42A17CC1}.Debug|Any CPU.Build.0 = Debug|Any CPU
		{542CFBC4-AE3C-4EDF-B6DE-618F42A17CC1}.Release|Any CPU.ActiveCfg = Release|Any CPU
		{542CFBC4-AE3C-4EDF-B6DE-618F42A17CC1}.Release|Any CPU.Build.0 = Release|Any CPU
		{069DC7A3-5EBC-4207-B089-94C1951B3C34}.Debug|Any CPU.ActiveCfg = Debug|Any CPU
		{069DC7A3-5EBC-4207-B089-94C1951B3C34}.Debug|Any CPU.Build.0 = Debug|Any CPU
		{069DC7A3-5EBC-4207-B089-94C1951B3C34}.Release|Any CPU.ActiveCfg = Release|Any CPU
		{069DC7A3-5EBC-4207-B089-94C1951B3C34}.Release|Any CPU.Build.0 = Release|Any CPU
		{651A86A0-F4F6-46D9-A2F9-3BAFCA24F1D5}.Debug|Any CPU.ActiveCfg = Debug|Any CPU
		{651A86A0-F4F6-46D9-A2F9-3BAFCA24F1D5}.Debug|Any CPU.Build.0 = Debug|Any CPU
		{651A86A0-F4F6-46D9-A2F9-3BAFCA24F1D5}.Release|Any CPU.ActiveCfg = Release|Any CPU
		{651A86A0-F4F6-46D9-A2F9-3BAFCA24F1D5}.Release|Any CPU.Build.0 = Release|Any CPU
		{D4F435B5-E64E-42BD-95B4-084CD48AE747}.Debug|Any CPU.ActiveCfg = Debug|Any CPU
		{D4F435B5-E64E-42BD-95B4-084CD48AE747}.Debug|Any CPU.Build.0 = Debug|Any CPU
		{D4F435B5-E64E-42BD-95B4-084CD48AE747}.Release|Any CPU.ActiveCfg = Release|Any CPU
		{D4F435B5-E64E-42BD-95B4-084CD48AE747}.Release|Any CPU.Build.0 = Release|Any CPU
	EndGlobalSection
	GlobalSection(SolutionProperties) = preSolution
		HideSolutionNode = FALSE
	EndGlobalSection
	GlobalSection(NestedProjects) = preSolution
		{BBB2DAE2-638B-4419-9591-3CECCA312E4E} = {08C7D0B4-221F-4D85-B646-9802D65E8FBF}
		{8D8774B0-B6CE-4571-89F6-F3707FFFC167} = {08C7D0B4-221F-4D85-B646-9802D65E8FBF}
		{5BF5D9DC-26F3-46AE-A735-FE37B0D4FE2E} = {08C7D0B4-221F-4D85-B646-9802D65E8FBF}
		{542CFBC4-AE3C-4EDF-B6DE-618F42A17CC1} = {08C7D0B4-221F-4D85-B646-9802D65E8FBF}
		{069DC7A3-5EBC-4207-B089-94C1951B3C34} = {0DBA07D9-6002-4787-B905-4FD0AE824E84}
		{651A86A0-F4F6-46D9-A2F9-3BAFCA24F1D5} = {0DBA07D9-6002-4787-B905-4FD0AE824E84}
		{D4F435B5-E64E-42BD-95B4-084CD48AE747} = {0DBA07D9-6002-4787-B905-4FD0AE824E84}
	EndGlobalSection
EndGlobal
